
Microsoft Visual Studio Solution File, Format Version 12.00
# Visual Studio Version 17
VisualStudioVersion = 17.8.34004.107
MinimumVisualStudioVersion = 10.0.40219.1
Project("{2150E333-8FDC-42A3-9474-1A3956D46DE8}") = "src", "src", "{BE964223-DB05-43FC-89E2-15FC57FBA4D5}"
EndProject
Project("{2150E333-8FDC-42A3-9474-1A3956D46DE8}") = "tests", "tests", "{F59B61C1-8837-45A6-B32B-B7A951CBEDED}"
EndProject
Project("{9A19103F-16F7-4668-BE54-9A1E7A4F7556}") = "GoodFood.Domain", "src\GoodFood.Domain\GoodFood.Domain.csproj", "{FF2515DD-F3ED-43E1-85B1-C1765B6F7491}"
EndProject
Project("{9A19103F-16F7-4668-BE54-9A1E7A4F7556}") = "GoodFood.Application", "src\GoodFood.Application\GoodFood.Application.csproj", "{D961BCE0-EBE4-43BF-89CE-9CA364226176}"
EndProject
Project("{9A19103F-16F7-4668-BE54-9A1E7A4F7556}") = "GoodFood.Infrastructure", "src\GoodFood.Infrastructure\GoodFood.Infrastructure.csproj", "{9370B876-4F81-4A89-B675-F1DBB3F563A2}"
EndProject
Project("{9A19103F-16F7-4668-BE54-9A1E7A4F7556}") = "GoodFood.Web", "src\GoodFood.Web\GoodFood.Web.csproj", "{B9DA72BB-A60C-4277-AEDD-1E61B2DAA4C4}"
EndProject
Project("{2150E333-8FDC-42A3-9474-1A3956D46DE8}") = "root", "root", "{21B35F9C-C68F-42DE-94E5-0C775F93434F}"
	ProjectSection(SolutionItems) = preProject
		.editorconfig = .editorconfig
		AssemblyInfo.cs = AssemblyInfo.cs
		BannedSymbols.txt = BannedSymbols.txt
		Directory.Build.props = Directory.Build.props
		Directory.Packages.props = Directory.Packages.props
		Dockerfile = Dockerfile
		help.txt = help.txt
		run_coverage_report.bat = run_coverage_report.bat
	EndProjectSection
EndProject
Project("{9A19103F-16F7-4668-BE54-9A1E7A4F7556}") = "GoodFood.Tests", "tests\GoodFood.Tests\GoodFood.Tests.csproj", "{9DAC1525-54D2-4B33-837D-FEC221A51D54}"
EndProject
Project("{9A19103F-16F7-4668-BE54-9A1E7A4F7556}") = "GoodFood.Worker.EmailSender", "src\GoodFood.Worker.EmailSender\GoodFood.Worker.EmailSender.csproj", "{F036FCA7-FE8E-4CBE-A422-5F54904E6D3A}"
EndProject
Global
	GlobalSection(SolutionConfigurationPlatforms) = preSolution
		Debug|Any CPU = Debug|Any CPU
		Release|Any CPU = Release|Any CPU
	EndGlobalSection
	GlobalSection(ProjectConfigurationPlatforms) = postSolution
		{FF2515DD-F3ED-43E1-85B1-C1765B6F7491}.Debug|Any CPU.ActiveCfg = Debug|Any CPU
		{FF2515DD-F3ED-43E1-85B1-C1765B6F7491}.Debug|Any CPU.Build.0 = Debug|Any CPU
		{FF2515DD-F3ED-43E1-85B1-C1765B6F7491}.Release|Any CPU.ActiveCfg = Release|Any CPU
		{FF2515DD-F3ED-43E1-85B1-C1765B6F7491}.Release|Any CPU.Build.0 = Release|Any CPU
		{D961BCE0-EBE4-43BF-89CE-9CA364226176}.Debug|Any CPU.ActiveCfg = Debug|Any CPU
		{D961BCE0-EBE4-43BF-89CE-9CA364226176}.Debug|Any CPU.Build.0 = Debug|Any CPU
		{D961BCE0-EBE4-43BF-89CE-9CA364226176}.Release|Any CPU.ActiveCfg = Release|Any CPU
		{D961BCE0-EBE4-43BF-89CE-9CA364226176}.Release|Any CPU.Build.0 = Release|Any CPU
		{9370B876-4F81-4A89-B675-F1DBB3F563A2}.Debug|Any CPU.ActiveCfg = Debug|Any CPU
		{9370B876-4F81-4A89-B675-F1DBB3F563A2}.Debug|Any CPU.Build.0 = Debug|Any CPU
		{9370B876-4F81-4A89-B675-F1DBB3F563A2}.Release|Any CPU.ActiveCfg = Release|Any CPU
		{9370B876-4F81-4A89-B675-F1DBB3F563A2}.Release|Any CPU.Build.0 = Release|Any CPU
		{B9DA72BB-A60C-4277-AEDD-1E61B2DAA4C4}.Debug|Any CPU.ActiveCfg = Debug|Any CPU
		{B9DA72BB-A60C-4277-AEDD-1E61B2DAA4C4}.Debug|Any CPU.Build.0 = Debug|Any CPU
		{B9DA72BB-A60C-4277-AEDD-1E61B2DAA4C4}.Release|Any CPU.ActiveCfg = Release|Any CPU
		{B9DA72BB-A60C-4277-AEDD-1E61B2DAA4C4}.Release|Any CPU.Build.0 = Release|Any CPU
		{9DAC1525-54D2-4B33-837D-FEC221A51D54}.Debug|Any CPU.ActiveCfg = Debug|Any CPU
		{9DAC1525-54D2-4B33-837D-FEC221A51D54}.Debug|Any CPU.Build.0 = Debug|Any CPU
		{9DAC1525-54D2-4B33-837D-FEC221A51D54}.Release|Any CPU.ActiveCfg = Release|Any CPU
		{9DAC1525-54D2-4B33-837D-FEC221A51D54}.Release|Any CPU.Build.0 = Release|Any CPU
		{F036FCA7-FE8E-4CBE-A422-5F54904E6D3A}.Debug|Any CPU.ActiveCfg = Debug|Any CPU
		{F036FCA7-FE8E-4CBE-A422-5F54904E6D3A}.Debug|Any CPU.Build.0 = Debug|Any CPU
		{F036FCA7-FE8E-4CBE-A422-5F54904E6D3A}.Release|Any CPU.ActiveCfg = Release|Any CPU
		{F036FCA7-FE8E-4CBE-A422-5F54904E6D3A}.Release|Any CPU.Build.0 = Release|Any CPU
	EndGlobalSection
	GlobalSection(SolutionProperties) = preSolution
		HideSolutionNode = FALSE
	EndGlobalSection
	GlobalSection(NestedProjects) = preSolution
		{FF2515DD-F3ED-43E1-85B1-C1765B6F7491} = {BE964223-DB05-43FC-89E2-15FC57FBA4D5}
		{D961BCE0-EBE4-43BF-89CE-9CA364226176} = {BE964223-DB05-43FC-89E2-15FC57FBA4D5}
		{9370B876-4F81-4A89-B675-F1DBB3F563A2} = {BE964223-DB05-43FC-89E2-15FC57FBA4D5}
		{B9DA72BB-A60C-4277-AEDD-1E61B2DAA4C4} = {BE964223-DB05-43FC-89E2-15FC57FBA4D5}
		{9DAC1525-54D2-4B33-837D-FEC221A51D54} = {F59B61C1-8837-45A6-B32B-B7A951CBEDED}
		{F036FCA7-FE8E-4CBE-A422-5F54904E6D3A} = {BE964223-DB05-43FC-89E2-15FC57FBA4D5}
	EndGlobalSection
	GlobalSection(ExtensibilityGlobals) = postSolution
		SolutionGuid = {334DC689-FD1A-48E9-9A54-28B8B0D8900C}
	EndGlobalSection
EndGlobal
